
Microsoft Visual Studio Solution File, Format Version 12.00
# Visual Studio Version 16
VisualStudioVersion = 16.0.33328.57
MinimumVisualStudioVersion = 10.0.40219.1
Project("{FAE04EC0-301F-11D3-BF4B-00C04F79EFBC}") = "Test", "Test\Test.csproj", "{9EC51725-1786-4C75-A386-612B3A193532}"
EndProject
Project("{FAE04EC0-301F-11D3-BF4B-00C04F79EFBC}") = "E.Model", "E.Model\E.Model.csproj", "{52D31844-AFB0-4E19-B8BB-B80B106C12A4}"
EndProject
Global
	GlobalSection(SolutionConfigurationPlatforms) = preSolution
		Debug|Any CPU = Debug|Any CPU
		Release|Any CPU = Release|Any CPU
	EndGlobalSection
	GlobalSection(ProjectConfigurationPlatforms) = postSolution
		{9EC51725-1786-4C75-A386-612B3A193532}.Debug|Any CPU.ActiveCfg = Debug|Any CPU
		{9EC51725-1786-4C75-A386-612B3A193532}.Debug|Any CPU.Build.0 = Debug|Any CPU
		{9EC51725-1786-4C75-A386-612B3A193532}.Release|Any CPU.ActiveCfg = Release|Any CPU
		{9EC51725-1786-4C75-A386-612B3A193532}.Release|Any CPU.Build.0 = Release|Any CPU
		{52D31844-AFB0-4E19-B8BB-B80B106C12A4}.Debug|Any CPU.ActiveCfg = Debug|Any CPU
		{52D31844-AFB0-4E19-B8BB-B80B106C12A4}.Debug|Any CPU.Build.0 = Debug|Any CPU
		{52D31844-AFB0-4E19-B8BB-B80B106C12A4}.Release|Any CPU.ActiveCfg = Release|Any CPU
		{52D31844-AFB0-4E19-B8BB-B80B106C12A4}.Release|Any CPU.Build.0 = Release|Any CPU
	EndGlobalSection
	GlobalSection(SolutionProperties) = preSolution
		HideSolutionNode = FALSE
	EndGlobalSection
	GlobalSection(ExtensibilityGlobals) = postSolution
		SolutionGuid = {7124B650-D7A4-439C-A74E-A60BA6BBC56B}
	EndGlobalSection
EndGlobal
