
Microsoft Visual Studio Solution File, Format Version 12.00
# Visual Studio Version 17
VisualStudioVersion = 17.4.33122.133
MinimumVisualStudioVersion = 10.0.40219.1
Project("{FAE04EC0-301F-11D3-BF4B-00C04F79EFBC}") = "Hoc_Delegate", "Hoc_Delegate\Hoc_Delegate.csproj", "{A8E53170-2156-4662-8845-899E68CC299F}"
EndProject
Global
	GlobalSection(SolutionConfigurationPlatforms) = preSolution
		Debug|Any CPU = Debug|Any CPU
		Release|Any CPU = Release|Any CPU
	EndGlobalSection
	GlobalSection(ProjectConfigurationPlatforms) = postSolution
		{A8E53170-2156-4662-8845-899E68CC299F}.Debug|Any CPU.ActiveCfg = Debug|Any CPU
		{A8E53170-2156-4662-8845-899E68CC299F}.Debug|Any CPU.Build.0 = Debug|Any CPU
		{A8E53170-2156-4662-8845-899E68CC299F}.Release|Any CPU.ActiveCfg = Release|Any CPU
		{A8E53170-2156-4662-8845-899E68CC299F}.Release|Any CPU.Build.0 = Release|Any CPU
	EndGlobalSection
	GlobalSection(SolutionProperties) = preSolution
		HideSolutionNode = FALSE
	EndGlobalSection
	GlobalSection(ExtensibilityGlobals) = postSolution
		SolutionGuid = {FA96F9FF-2401-4A73-ACB4-AE84FE495802}
	EndGlobalSection
EndGlobal
