
Microsoft Visual Studio Solution File, Format Version 12.00
# Visual Studio Version 16
VisualStudioVersion = 16.0.33328.57
MinimumVisualStudioVersion = 10.0.40219.1
Project("{FAE04EC0-301F-11D3-BF4B-00C04F79EFBC}") = "Tester", "Tester\Tester.csproj", "{E4A5637D-D041-4DE8-942A-9752E0D35EF8}"
EndProject
Global
	GlobalSection(SolutionConfigurationPlatforms) = preSolution
		Debug|Any CPU = Debug|Any CPU
		Release|Any CPU = Release|Any CPU
	EndGlobalSection
	GlobalSection(ProjectConfigurationPlatforms) = postSolution
		{E4A5637D-D041-4DE8-942A-9752E0D35EF8}.Debug|Any CPU.ActiveCfg = Debug|Any CPU
		{E4A5637D-D041-4DE8-942A-9752E0D35EF8}.Debug|Any CPU.Build.0 = Debug|Any CPU
		{E4A5637D-D041-4DE8-942A-9752E0D35EF8}.Release|Any CPU.ActiveCfg = Release|Any CPU
		{E4A5637D-D041-4DE8-942A-9752E0D35EF8}.Release|Any CPU.Build.0 = Release|Any CPU
	EndGlobalSection
	GlobalSection(SolutionProperties) = preSolution
		HideSolutionNode = FALSE
	EndGlobalSection
	GlobalSection(ExtensibilityGlobals) = postSolution
		SolutionGuid = {91D61C12-E58E-4265-BC5C-7B344CE44127}
	EndGlobalSection
EndGlobal
